
Microsoft Visual Studio Solution File, Format Version 12.00
# Visual Studio Version 16
VisualStudioVersion = 16.0.30413.136
MinimumVisualStudioVersion = 10.0.40219.1
Project("{FAE04EC0-301F-11D3-BF4B-00C04F79EFBC}") = "dotnet-benchmarks", "dotnet-benchmarks\dotnet-benchmarks.csproj", "{5F6A9777-93D9-4545-98B7-EE7DD88C5BBE}"
EndProject
Global
	GlobalSection(SolutionConfigurationPlatforms) = preSolution
		Debug|Any CPU = Debug|Any CPU
		Release|Any CPU = Release|Any CPU
	EndGlobalSection
	GlobalSection(ProjectConfigurationPlatforms) = postSolution
		{5F6A9777-93D9-4545-98B7-EE7DD88C5BBE}.Debug|Any CPU.ActiveCfg = Debug|Any CPU
		{5F6A9777-93D9-4545-98B7-EE7DD88C5BBE}.Debug|Any CPU.Build.0 = Debug|Any CPU
		{5F6A9777-93D9-4545-98B7-EE7DD88C5BBE}.Release|Any CPU.ActiveCfg = Release|Any CPU
		{5F6A9777-93D9-4545-98B7-EE7DD88C5BBE}.Release|Any CPU.Build.0 = Release|Any CPU
	EndGlobalSection
	GlobalSection(SolutionProperties) = preSolution
		HideSolutionNode = FALSE
	EndGlobalSection
	GlobalSection(ExtensibilityGlobals) = postSolution
		SolutionGuid = {3DE4E20C-144D-447F-8D94-DDCD47F4CEF5}
	EndGlobalSection
EndGlobal
